
Microsoft Visual Studio Solution File, Format Version 12.00
# Visual Studio 14
VisualStudioVersion = 14.0.25420.1
MinimumVisualStudioVersion = 10.0.40219.1
Project("{8BC9CEB8-8B4A-11D0-8D11-00A0C91BC942}") = "vocaloid", "vocaloid\vocaloid.vcxproj", "{E2BC80EA-38D1-443F-970A-EE131655F9FE}"
	ProjectSection(ProjectDependencies) = postProject
		{354AA665-932F-4426-B6CB-54B2F4AEE7F4} = {354AA665-932F-4426-B6CB-54B2F4AEE7F4}
	EndProjectSection
EndProject
Project("{8BC9CEB8-8B4A-11D0-8D11-00A0C91BC942}") = "unit_test", "unit_test\unit_test.vcxproj", "{00DDFDE9-04A2-4402-8E50-860E5156F207}"
	ProjectSection(ProjectDependencies) = postProject
		{354AA665-932F-4426-B6CB-54B2F4AEE7F4} = {354AA665-932F-4426-B6CB-54B2F4AEE7F4}
		{E2BC80EA-38D1-443F-970A-EE131655F9FE} = {E2BC80EA-38D1-443F-970A-EE131655F9FE}
	EndProjectSection
EndProject
Project("{8BC9CEB8-8B4A-11D0-8D11-00A0C91BC942}") = "example", "example\example.vcxproj", "{67D5F1A6-6D17-41A4-A0AA-4FB8C7FFE303}"
	ProjectSection(ProjectDependencies) = postProject
		{8986324D-8244-44A1-A34E-65BEB39F3CD2} = {8986324D-8244-44A1-A34E-65BEB39F3CD2}
		{E2BC80EA-38D1-443F-970A-EE131655F9FE} = {E2BC80EA-38D1-443F-970A-EE131655F9FE}
	EndProjectSection
EndProject
Project("{8BC9CEB8-8B4A-11D0-8D11-00A0C91BC942}") = "pcm_player", "pcm_player\pcm_player.vcxproj", "{8986324D-8244-44A1-A34E-65BEB39F3CD2}"
EndProject
Project("{8BC9CEB8-8B4A-11D0-8D11-00A0C91BC942}") = "utility", "utility\utility.vcxproj", "{354AA665-932F-4426-B6CB-54B2F4AEE7F4}"
EndProject
Global
	GlobalSection(SolutionConfigurationPlatforms) = preSolution
		Debug|x64 = Debug|x64
		Debug|x86 = Debug|x86
		Release|x64 = Release|x64
		Release|x86 = Release|x86
	EndGlobalSection
	GlobalSection(ProjectConfigurationPlatforms) = postSolution
		{E2BC80EA-38D1-443F-970A-EE131655F9FE}.Debug|x64.ActiveCfg = Debug|x64
		{E2BC80EA-38D1-443F-970A-EE131655F9FE}.Debug|x64.Build.0 = Debug|x64
		{E2BC80EA-38D1-443F-970A-EE131655F9FE}.Debug|x86.ActiveCfg = Debug|Win32
		{E2BC80EA-38D1-443F-970A-EE131655F9FE}.Debug|x86.Build.0 = Debug|Win32
		{E2BC80EA-38D1-443F-970A-EE131655F9FE}.Release|x64.ActiveCfg = Release|x64
		{E2BC80EA-38D1-443F-970A-EE131655F9FE}.Release|x64.Build.0 = Release|x64
		{E2BC80EA-38D1-443F-970A-EE131655F9FE}.Release|x86.ActiveCfg = Release|Win32
		{E2BC80EA-38D1-443F-970A-EE131655F9FE}.Release|x86.Build.0 = Release|Win32
		{00DDFDE9-04A2-4402-8E50-860E5156F207}.Debug|x64.ActiveCfg = Debug|x64
		{00DDFDE9-04A2-4402-8E50-860E5156F207}.Debug|x64.Build.0 = Debug|x64
		{00DDFDE9-04A2-4402-8E50-860E5156F207}.Debug|x86.ActiveCfg = Debug|Win32
		{00DDFDE9-04A2-4402-8E50-860E5156F207}.Debug|x86.Build.0 = Debug|Win32
		{00DDFDE9-04A2-4402-8E50-860E5156F207}.Release|x64.ActiveCfg = Release|x64
		{00DDFDE9-04A2-4402-8E50-860E5156F207}.Release|x64.Build.0 = Release|x64
		{00DDFDE9-04A2-4402-8E50-860E5156F207}.Release|x86.ActiveCfg = Release|Win32
		{00DDFDE9-04A2-4402-8E50-860E5156F207}.Release|x86.Build.0 = Release|Win32
		{67D5F1A6-6D17-41A4-A0AA-4FB8C7FFE303}.Debug|x64.ActiveCfg = Debug|x64
		{67D5F1A6-6D17-41A4-A0AA-4FB8C7FFE303}.Debug|x64.Build.0 = Debug|x64
		{67D5F1A6-6D17-41A4-A0AA-4FB8C7FFE303}.Debug|x86.ActiveCfg = Debug|Win32
		{67D5F1A6-6D17-41A4-A0AA-4FB8C7FFE303}.Debug|x86.Build.0 = Debug|Win32
		{67D5F1A6-6D17-41A4-A0AA-4FB8C7FFE303}.Release|x64.ActiveCfg = Release|x64
		{67D5F1A6-6D17-41A4-A0AA-4FB8C7FFE303}.Release|x64.Build.0 = Release|x64
		{67D5F1A6-6D17-41A4-A0AA-4FB8C7FFE303}.Release|x86.ActiveCfg = Release|Win32
		{67D5F1A6-6D17-41A4-A0AA-4FB8C7FFE303}.Release|x86.Build.0 = Release|Win32
		{8986324D-8244-44A1-A34E-65BEB39F3CD2}.Debug|x64.ActiveCfg = Debug|x64
		{8986324D-8244-44A1-A34E-65BEB39F3CD2}.Debug|x64.Build.0 = Debug|x64
		{8986324D-8244-44A1-A34E-65BEB39F3CD2}.Debug|x86.ActiveCfg = Debug|Win32
		{8986324D-8244-44A1-A34E-65BEB39F3CD2}.Debug|x86.Build.0 = Debug|Win32
		{8986324D-8244-44A1-A34E-65BEB39F3CD2}.Release|x64.ActiveCfg = Release|x64
		{8986324D-8244-44A1-A34E-65BEB39F3CD2}.Release|x64.Build.0 = Release|x64
		{8986324D-8244-44A1-A34E-65BEB39F3CD2}.Release|x86.ActiveCfg = Release|Win32
		{8986324D-8244-44A1-A34E-65BEB39F3CD2}.Release|x86.Build.0 = Release|Win32
		{354AA665-932F-4426-B6CB-54B2F4AEE7F4}.Debug|x64.ActiveCfg = Debug|x64
		{354AA665-932F-4426-B6CB-54B2F4AEE7F4}.Debug|x64.Build.0 = Debug|x64
		{354AA665-932F-4426-B6CB-54B2F4AEE7F4}.Debug|x86.ActiveCfg = Debug|Win32
		{354AA665-932F-4426-B6CB-54B2F4AEE7F4}.Debug|x86.Build.0 = Debug|Win32
		{354AA665-932F-4426-B6CB-54B2F4AEE7F4}.Release|x64.ActiveCfg = Release|x64
		{354AA665-932F-4426-B6CB-54B2F4AEE7F4}.Release|x64.Build.0 = Release|x64
		{354AA665-932F-4426-B6CB-54B2F4AEE7F4}.Release|x86.ActiveCfg = Release|Win32
		{354AA665-932F-4426-B6CB-54B2F4AEE7F4}.Release|x86.Build.0 = Release|Win32
	EndGlobalSection
	GlobalSection(SolutionProperties) = preSolution
		HideSolutionNode = FALSE
	EndGlobalSection
EndGlobal
