<?xml version="1.0" encoding="utf-8"?>
<Project ToolsVersion="4.0" xmlns="http://schemas.microsoft.com/developer/msbuild/2003">
  <ItemGroup>
    <Filter Include="源文件">
      <UniqueIdentifier>{4FC737F1-C7A5-4376-A066-2A32D752A2FF}</UniqueIdentifier>
      <Extensions>cpp;c;cc;cxx;def;odl;idl;hpj;bat;asm;asmx</Extensions>
    </Filter>
    <Filter Include="头文件">
      <UniqueIdentifier>{93995380-89BD-4b04-88EB-625FBE52EBFB}</UniqueIdentifier>
      <Extensions>h;hh;hpp;hxx;hm;inl;inc;xsd</Extensions>
    </Filter>
    <Filter Include="资源文件">
      <UniqueIdentifier>{67DA6AB6-F800-4c08-8B7A-83BB121AAD01}</UniqueIdentifier>
      <Extensions>rc;ico;cur;bmp;dlg;rc2;rct;bin;rgs;gif;jpg;jpeg;jpe;resx;tiff;tif;png;wav;mfcribbon-ms</Extensions>
    </Filter>
    <Filter Include="头文件\dsp">
      <UniqueIdentifier>{93763a81-085c-4564-a761-25b6f95b3208}</UniqueIdentifier>
    </Filter>
    <Filter Include="头文件\node">
      <UniqueIdentifier>{66ae6e3b-d208-450d-baa9-e9c19d21344f}</UniqueIdentifier>
    </Filter>
    <Filter Include="头文件\io">
      <UniqueIdentifier>{7e1df2f1-fbc7-44ad-bb45-51584d320852}</UniqueIdentifier>
    </Filter>
    <Filter Include="头文件\effect">
      <UniqueIdentifier>{a7fa3c0a-ae7f-46a0-ab7a-da91774b8c5c}</UniqueIdentifier>
    </Filter>
  </ItemGroup>
  <ItemGroup>
    <ClInclude Include="stdafx.h">
      <Filter>头文件</Filter>
    </ClInclude>
    <ClInclude Include="wgn.hpp">
      <Filter>头文件\dsp</Filter>
    </ClInclude>
    <ClInclude Include="convolution.hpp">
      <Filter>头文件\dsp</Filter>
    </ClInclude>
    <ClInclude Include="fft.hpp">
      <Filter>头文件\dsp</Filter>
    </ClInclude>
    <ClInclude Include="window.hpp">
      <Filter>头文件\dsp</Filter>
    </ClInclude>
    <ClInclude Include="maths.hpp">
      <Filter>头文件</Filter>
    </ClInclude>
    <ClInclude Include="file.h">
      <Filter>头文件\io</Filter>
    </ClInclude>
    <ClInclude Include="wav.hpp">
      <Filter>头文件\io</Filter>
    </ClInclude>
    <ClInclude Include="channel.h">
      <Filter>头文件</Filter>
    </ClInclude>
    <ClInclude Include="file_reader_node.hpp">
      <Filter>头文件\node</Filter>
    </ClInclude>
    <ClInclude Include="source_node.hpp">
      <Filter>头文件\node</Filter>
    </ClInclude>
    <ClInclude Include="destination_node.hpp">
      <Filter>头文件\node</Filter>
    </ClInclude>
    <ClInclude Include="ffmpeg_io.hpp">
      <Filter>头文件\io</Filter>
    </ClInclude>
    <ClInclude Include="file_writer_node.hpp">
      <Filter>头文件\node</Filter>
    </ClInclude>
    <ClInclude Include="player_node.hpp">
      <Filter>头文件\node</Filter>
    </ClInclude>
    <ClInclude Include="player.h">
      <Filter>头文件\io</Filter>
    </ClInclude>
    <ClInclude Include="pcm_player.hpp">
      <Filter>头文件\io</Filter>
    </ClInclude>
    <ClInclude Include="biquad.hpp">
      <Filter>头文件\dsp</Filter>
    </ClInclude>
    <ClInclude Include="biquad_node.hpp">
      <Filter>头文件\node</Filter>
    </ClInclude>
    <ClInclude Include="convolution_node.hpp">
      <Filter>头文件\node</Filter>
    </ClInclude>
    <ClInclude Include="delay_node.hpp">
      <Filter>头文件\node</Filter>
    </ClInclude>
    <ClInclude Include="gain_node.hpp">
      <Filter>头文件\node</Filter>
    </ClInclude>
    <ClInclude Include="oscillator_node.hpp">
      <Filter>头文件\node</Filter>
    </ClInclude>
    <ClInclude Include="waveform.hpp">
      <Filter>头文件\dsp</Filter>
    </ClInclude>
    <ClInclude Include="wave_shaper_node.hpp">
      <Filter>头文件\node</Filter>
    </ClInclude>
    <ClInclude Include="dynamic_compressor_node.hpp">
      <Filter>头文件\node</Filter>
    </ClInclude>
    <ClInclude Include="audio_timeline.hpp">
      <Filter>头文件\node</Filter>
    </ClInclude>
    <ClInclude Include="audio_context.hpp">
      <Filter>头文件\node</Filter>
    </ClInclude>
    <ClInclude Include="read_file_buffer.hpp">
      <Filter>头文件\io</Filter>
    </ClInclude>
    <ClInclude Include="buffer_node.hpp">
      <Filter>头文件\node</Filter>
    </ClInclude>
    <ClInclude Include="effect.hpp">
      <Filter>头文件\effect</Filter>
    </ClInclude>
    <ClInclude Include="audio_channel.hpp">
      <Filter>头文件\node</Filter>
    </ClInclude>
    <ClInclude Include="equalizer_3_band.hpp">
      <Filter>头文件\effect</Filter>
    </ClInclude>
    <ClInclude Include="vibrato.hpp">
      <Filter>头文件\effect</Filter>
    </ClInclude>
    <ClInclude Include="flanger.hpp">
      <Filter>头文件\effect</Filter>
    </ClInclude>
    <ClInclude Include="auto_wah.hpp">
      <Filter>头文件\effect</Filter>
    </ClInclude>
    <ClInclude Include="chorus.hpp">
      <Filter>头文件\effect</Filter>
    </ClInclude>
    <ClInclude Include="reverb.hpp">
      <Filter>头文件\effect</Filter>
    </ClInclude>
    <ClInclude Include="reverb_node.hpp">
      <Filter>头文件\node</Filter>
    </ClInclude>
    <ClInclude Include="distortion.hpp">
      <Filter>头文件\node</Filter>
    </ClInclude>
    <ClInclude Include="overlap_add.hpp">
      <Filter>头文件\dsp</Filter>
    </ClInclude>
    <ClInclude Include="dft.hpp">
      <Filter>头文件\dsp</Filter>
    </ClInclude>
    <ClInclude Include="phase_vocoder_node.hpp">
      <Filter>头文件\node</Filter>
    </ClInclude>
    <ClInclude Include="lpc.hpp">
      <Filter>头文件\dsp</Filter>
    </ClInclude>
    <ClInclude Include="phase_vocoder.hpp">
      <Filter>头文件\dsp</Filter>
    </ClInclude>
    <ClInclude Include="freq_2_note.hpp">
      <Filter>头文件\dsp</Filter>
    </ClInclude>
    <ClInclude Include="jungle.hpp">
      <Filter>头文件\effect</Filter>
    </ClInclude>
    <ClInclude Include="script_node.hpp">
      <Filter>头文件\node</Filter>
    </ClInclude>
  </ItemGroup>
</Project>