<?xml version="1.0" encoding="utf-8"?>
<Project ToolsVersion="4.0" xmlns="http://schemas.microsoft.com/developer/msbuild/2003">
  <ItemGroup>
    <Filter Include="源文件">
      <UniqueIdentifier>{4FC737F1-C7A5-4376-A066-2A32D752A2FF}</UniqueIdentifier>
      <Extensions>cpp;c;cc;cxx;def;odl;idl;hpj;bat;asm;asmx</Extensions>
    </Filter>
    <Filter Include="头文件">
      <UniqueIdentifier>{93995380-89BD-4b04-88EB-625FBE52EBFB}</UniqueIdentifier>
      <Extensions>h;hh;hpp;hxx;hm;inl;inc;xsd</Extensions>
    </Filter>
    <Filter Include="资源文件">
      <UniqueIdentifier>{67DA6AB6-F800-4c08-8B7A-83BB121AAD01}</UniqueIdentifier>
      <Extensions>rc;ico;cur;bmp;dlg;rc2;rct;bin;rgs;gif;jpg;jpeg;jpe;resx;tiff;tif;png;wav;mfcribbon-ms</Extensions>
    </Filter>
    <Filter Include="头文件\effects">
      <UniqueIdentifier>{c92d55ca-4ac1-4690-a710-ec2f3a950ab8}</UniqueIdentifier>
    </Filter>
    <Filter Include="头文件\effects\environment">
      <UniqueIdentifier>{9f348d5a-7ba3-45fb-9e45-c9652400b1b5}</UniqueIdentifier>
    </Filter>
    <Filter Include="头文件\effects\character">
      <UniqueIdentifier>{c9ab1914-305e-47b1-9096-b1e045a02248}</UniqueIdentifier>
    </Filter>
    <Filter Include="头文件\effects\tool">
      <UniqueIdentifier>{3cc626f2-1606-42a5-807d-99e7369e5d45}</UniqueIdentifier>
    </Filter>
  </ItemGroup>
  <ItemGroup>
    <None Include="exports.def">
      <Filter>源文件</Filter>
    </None>
  </ItemGroup>
  <ItemGroup>
    <ClInclude Include="effect.hpp">
      <Filter>头文件\effects</Filter>
    </ClInclude>
    <ClInclude Include="effects.h">
      <Filter>头文件\effects</Filter>
    </ClInclude>
    <ClInclude Include="factory.hpp">
      <Filter>头文件\effects</Filter>
    </ClInclude>
    <ClInclude Include="cave.hpp">
      <Filter>头文件\effects\environment</Filter>
    </ClInclude>
    <ClInclude Include="alien.hpp">
      <Filter>头文件\effects\character</Filter>
    </ClInclude>
    <ClInclude Include="astronaut.hpp">
      <Filter>头文件\effects\character</Filter>
    </ClInclude>
    <ClInclude Include="balrog.hpp">
      <Filter>头文件\effects\character</Filter>
    </ClInclude>
    <ClInclude Include="child.hpp">
      <Filter>头文件\effects\character</Filter>
    </ClInclude>
    <ClInclude Include="female.hpp">
      <Filter>头文件\effects\character</Filter>
    </ClInclude>
    <ClInclude Include="male.hpp">
      <Filter>头文件\effects\character</Filter>
    </ClInclude>
    <ClInclude Include="old_female.hpp">
      <Filter>头文件\effects\character</Filter>
    </ClInclude>
    <ClInclude Include="old_male.hpp">
      <Filter>头文件\effects\character</Filter>
    </ClInclude>
    <ClInclude Include="robot1.hpp">
      <Filter>头文件\effects\character</Filter>
    </ClInclude>
    <ClInclude Include="robot2.hpp">
      <Filter>头文件\effects\character</Filter>
    </ClInclude>
    <ClInclude Include="transformer.hpp">
      <Filter>头文件\effects\character</Filter>
    </ClInclude>
    <ClInclude Include="broad_room.hpp">
      <Filter>头文件\effects\environment</Filter>
    </ClInclude>
    <ClInclude Include="under_water.hpp">
      <Filter>头文件\effects\environment</Filter>
    </ClInclude>
    <ClInclude Include="hall.hpp">
      <Filter>头文件\effects\environment</Filter>
    </ClInclude>
    <ClInclude Include="muffler.hpp">
      <Filter>头文件\effects\tool</Filter>
    </ClInclude>
    <ClInclude Include="telephone.hpp">
      <Filter>头文件\effects\tool</Filter>
    </ClInclude>
    <ClInclude Include="radio.hpp">
      <Filter>头文件\effects\tool</Filter>
    </ClInclude>
    <ClInclude Include="megaphone.hpp">
      <Filter>头文件\effects\tool</Filter>
    </ClInclude>
    <ClInclude Include="voice_player.hpp">
      <Filter>头文件</Filter>
    </ClInclude>
    <ClInclude Include="status.h">
      <Filter>头文件</Filter>
    </ClInclude>
    <ClInclude Include="uncle.hpp">
      <Filter>头文件\effects\character</Filter>
    </ClInclude>
  </ItemGroup>
</Project>